<?xml version="1.0" encoding="UTF-8" standalone="yes" ?>
<CodeBlocks_project_file>
	<FileVersion major="1" minor="6" />
	<Project>
		<Option title="PROJET_SNAKE" />
		<Option pch_mode="2" />
		<Option compiler="gcc" />
		<Build>
			<Target title="Debug">
				<Option output="bin/Debug/PROJET_SNAKE" prefix_auto="1" extension_auto="1" />
				<Option object_output="obj/Debug/" />
				<Option type="1" />
				<Option compiler="gcc" />
				<Compiler>
					<Add option="-g" />
				</Compiler>
			</Target>
			<Target title="Release">
				<Option output="bin/Release/PROJET_SNAKE" prefix_auto="1" extension_auto="1" />
				<Option object_output="obj/Release/" />
				<Option type="1" />
				<Option compiler="gcc" />
				<Compiler>
					<Add option="-O2" />
				</Compiler>
				<Linker>
					<Add option="-s" />
				</Linker>
			</Target>
		</Build>
		<Compiler>
			<Add option="-Wall" />
		</Compiler>
		<Unit filename="Mes_SP.c">
			<Option compilerVar="CC" />
		</Unit>
		<Unit filename="Mes_SP.h">
			<Option target="&lt;{~None~}&gt;" />
		</Unit>
		<Unit filename="SP_Configuration.c">
			<Option compilerVar="CC" />
		</Unit>
		<Unit filename="SP_Configuration.h">
			<Option target="&lt;{~None~}&gt;" />
		</Unit>
		<Unit filename="SP_GESTION_JEU.c">
			<Option compilerVar="CC" />
		</Unit>
		<Unit filename="SP_GESTION_JEU.h">
			<Option link="1" />
			<Option target="&lt;{~None~}&gt;" />
		</Unit>
		<Unit filename="main.c">
			<Option compilerVar="CC" />
		</Unit>
		<Unit filename="mesTypes.h">
			<Option link="1" />
			<Option target="&lt;{~None~}&gt;" />
		</Unit>
		<Unit filename="myLib.c">
			<Option compilerVar="CC" />
		</Unit>
		<Unit filename="myLib.h">
			<Option link="1" />
			<Option target="&lt;{~None~}&gt;" />
		</Unit>
		<Extensions>
			<lib_finder disable_auto="1" />
		</Extensions>
	</Project>
</CodeBlocks_project_file>
